{
  "name": "DevclassesMain",
  "lockfileVersion": 3,
  "requires": true,
  "packages": {
    "": {
      "dependencies": {
        "@prisma/extension-accelerate": "^1.2.1"
      }
    },
    "node_modules/@prisma/client": {
      "version": "5.20.0",
      "resolved": "https://registry.npmjs.org/@prisma/client/-/client-5.20.0.tgz",
      "integrity": "sha512-CLv55ZuMuUawMsxoqxGtLT3bEZoa2W8L3Qnp6rDIFWy+ZBrUcOFKdoeGPSnbBqxc3SkdxJrF+D1veN/WNynZYA==",
      "hasInstallScript": true,
      "license": "Apache-2.0",
      "peer": true,
      "engines": {
        "node": ">=16.13"
      },
      "peerDependencies": {
        "prisma": "*"
      },
      "peerDependenciesMeta": {
        "prisma": {
          "optional": true
        }
      }
    },
    "node_modules/@prisma/extension-accelerate": {
      "version": "1.2.1",
      "resolved": "https://registry.npmjs.org/@prisma/extension-accelerate/-/extension-accelerate-1.2.1.tgz",
      "integrity": "sha512-QicnMeyqL226ilT3vvRsFAqPeIdqHGKR4c25CoK5zZ1tNIv8egfgpD1gCKqOGmfAz0pIKQnMuJU3eNg9KItC7A==",
      "engines": {
        "node": ">=16"
      },
      "peerDependencies": {
        "@prisma/client": ">=4.16.1"
      }
    }
  }
}
